// !$*UTF8*$!
{
	archiveVersion = 1;
	classes = {
	};
	objectVersion = 50;
	objects = {

/* Begin PBXBuildFile section */
		C8C1A3262645BDAF006B3B16 /* AppDelegate.swift in Sources */ = {isa = PBXBuildFile; fileRef = C8C1A3252645BDAF006B3B16 /* AppDelegate.swift */; };
		C8C1A3282645BDAF006B3B16 /* SceneDelegate.swift in Sources */ = {isa = PBXBuildFile; fileRef = C8C1A3272645BDAF006B3B16 /* SceneDelegate.swift */; };
		C8C1A32F2645BDB2006B3B16 /* Assets.xcassets in Resources */ = {isa = PBXBuildFile; fileRef = C8C1A32E2645BDB2006B3B16 /* Assets.xcassets */; };
		C8C1A33D2645BDB2006B3B16 /* BoostTestTests.swift in Sources */ = {isa = PBXBuildFile; fileRef = C8C1A33C2645BDB2006B3B16 /* BoostTestTests.swift */; };
		C8C1A3482645BDB2006B3B16 /* BoostTestUITests.swift in Sources */ = {isa = PBXBuildFile; fileRef = C8C1A3472645BDB2006B3B16 /* BoostTestUITests.swift */; };
		C8C1A3642645BF83006B3B16 /* ContactListViewModel.swift in Sources */ = {isa = PBXBuildFile; fileRef = C8C1A3632645BF83006B3B16 /* ContactListViewModel.swift */; };
		C8C1A3762645C042006B3B16 /* Routing.swift in Sources */ = {isa = PBXBuildFile; fileRef = C8C1A3752645C042006B3B16 /* Routing.swift */; };
		C8C1A3A32645C331006B3B16 /* ContactListVC.swift in Sources */ = {isa = PBXBuildFile; fileRef = C8C1A3A12645C331006B3B16 /* ContactListVC.swift */; };
		C8C1A3A42645C331006B3B16 /* ContactListVC.xib in Resources */ = {isa = PBXBuildFile; fileRef = C8C1A3A22645C331006B3B16 /* ContactListVC.xib */; };
		C8C1A3AC2645C3D3006B3B16 /* ContactCell.swift in Sources */ = {isa = PBXBuildFile; fileRef = C8C1A3AA2645C3D3006B3B16 /* ContactCell.swift */; };
		C8C1A3AD2645C3D3006B3B16 /* ContactCell.xib in Resources */ = {isa = PBXBuildFile; fileRef = C8C1A3AB2645C3D3006B3B16 /* ContactCell.xib */; };
		C8C1A3B62645C48F006B3B16 /* TableViewCell.swift in Sources */ = {isa = PBXBuildFile; fileRef = C8C1A3B52645C48F006B3B16 /* TableViewCell.swift */; };
		C8C1A3BB2645D2C0006B3B16 /* AppTheme.swift in Sources */ = {isa = PBXBuildFile; fileRef = C8C1A3BA2645D2C0006B3B16 /* AppTheme.swift */; };
		C8C1A3C02645D593006B3B16 /* UIImage.swift in Sources */ = {isa = PBXBuildFile; fileRef = C8C1A3BF2645D593006B3B16 /* UIImage.swift */; };
		C8C1A3D22645D8BE006B3B16 /* ContactDetailVC.swift in Sources */ = {isa = PBXBuildFile; fileRef = C8C1A3D02645D8BE006B3B16 /* ContactDetailVC.swift */; };
		C8C1A3D32645D8BE006B3B16 /* ContactDetailVC.xib in Resources */ = {isa = PBXBuildFile; fileRef = C8C1A3D12645D8BE006B3B16 /* ContactDetailVC.xib */; };
		C8C1A3DE2645DC10006B3B16 /* data.json in Resources */ = {isa = PBXBuildFile; fileRef = C8C1A3DD2645DC10006B3B16 /* data.json */; };
		C8C1A3E42645DC41006B3B16 /* Profile.swift in Sources */ = {isa = PBXBuildFile; fileRef = C8C1A3E32645DC41006B3B16 /* Profile.swift */; };
		C8C1A3ED2645DCE6006B3B16 /* ProfileService.swift in Sources */ = {isa = PBXBuildFile; fileRef = C8C1A3EC2645DCE6006B3B16 /* ProfileService.swift */; };
		C8C1A3F82645E6CD006B3B16 /* ContactDetailViewModel.swift in Sources */ = {isa = PBXBuildFile; fileRef = C8C1A3F72645E6CD006B3B16 /* ContactDetailViewModel.swift */; };
		C8C1A3FF2645F0BC006B3B16 /* ContactDetailCell.swift in Sources */ = {isa = PBXBuildFile; fileRef = C8C1A3FD2645F0BC006B3B16 /* ContactDetailCell.swift */; };
		C8C1A4002645F0BC006B3B16 /* ContactDetailCell.xib in Resources */ = {isa = PBXBuildFile; fileRef = C8C1A3FE2645F0BC006B3B16 /* ContactDetailCell.xib */; };
		C8C1A408264696C6006B3B16 /* FileManager.swift in Sources */ = {isa = PBXBuildFile; fileRef = C8C1A407264696C6006B3B16 /* FileManager.swift */; };
		C8C1A40D26469C35006B3B16 /* Security.swift in Sources */ = {isa = PBXBuildFile; fileRef = C8C1A40C26469C35006B3B16 /* Security.swift */; };
		C8C1A4232646B891006B3B16 /* DialogHelper.swift in Sources */ = {isa = PBXBuildFile; fileRef = C8C1A4222646B891006B3B16 /* DialogHelper.swift */; };
		C8C1A4292646B911006B3B16 /* AlertVC.swift in Sources */ = {isa = PBXBuildFile; fileRef = C8C1A4272646B911006B3B16 /* AlertVC.swift */; };
		C8C1A42A2646B911006B3B16 /* AlertVC.xib in Resources */ = {isa = PBXBuildFile; fileRef = C8C1A4282646B911006B3B16 /* AlertVC.xib */; };
		C8C1A4332646BB2D006B3B16 /* AlertViewModel.swift in Sources */ = {isa = PBXBuildFile; fileRef = C8C1A4322646BB2D006B3B16 /* AlertViewModel.swift */; };
		C8C1A4432646C6A2006B3B16 /* Validator.swift in Sources */ = {isa = PBXBuildFile; fileRef = C8C1A4422646C6A2006B3B16 /* Validator.swift */; };
		C8C1A44A2646C7AD006B3B16 /* ContactDetailValidator.swift in Sources */ = {isa = PBXBuildFile; fileRef = C8C1A4492646C7AD006B3B16 /* ContactDetailValidator.swift */; };
		C8C1A45C2646E315006B3B16 /* Localization.swift in Sources */ = {isa = PBXBuildFile; fileRef = C8C1A45B2646E315006B3B16 /* Localization.swift */; };
/* End PBXBuildFile section */

/* Begin PBXContainerItemProxy section */
		C8C1A3392645BDB2006B3B16 /* PBXContainerItemProxy */ = {
			isa = PBXContainerItemProxy;
			containerPortal = C8C1A31A2645BDAF006B3B16 /* Project object */;
			proxyType = 1;
			remoteGlobalIDString = C8C1A3212645BDAF006B3B16;
			remoteInfo = BoostTest;
		};
		C8C1A3442645BDB2006B3B16 /* PBXContainerItemProxy */ = {
			isa = PBXContainerItemProxy;
			containerPortal = C8C1A31A2645BDAF006B3B16 /* Project object */;
			proxyType = 1;
			remoteGlobalIDString = C8C1A3212645BDAF006B3B16;
			remoteInfo = BoostTest;
		};
/* End PBXContainerItemProxy section */

/* Begin PBXFileReference section */
		C8C1A3222645BDAF006B3B16 /* BoostTest.app */ = {isa = PBXFileReference; explicitFileType = wrapper.application; includeInIndex = 0; path = BoostTest.app; sourceTree = BUILT_PRODUCTS_DIR; };
		C8C1A3252645BDAF006B3B16 /* AppDelegate.swift */ = {isa = PBXFileReference; lastKnownFileType = sourcecode.swift; path = AppDelegate.swift; sourceTree = "<group>"; };
		C8C1A3272645BDAF006B3B16 /* SceneDelegate.swift */ = {isa = PBXFileReference; lastKnownFileType = sourcecode.swift; path = SceneDelegate.swift; sourceTree = "<group>"; };
		C8C1A32E2645BDB2006B3B16 /* Assets.xcassets */ = {isa = PBXFileReference; lastKnownFileType = folder.assetcatalog; path = Assets.xcassets; sourceTree = "<group>"; };
		C8C1A3332645BDB2006B3B16 /* Info.plist */ = {isa = PBXFileReference; lastKnownFileType = text.plist.xml; path = Info.plist; sourceTree = "<group>"; };
		C8C1A3382645BDB2006B3B16 /* BoostTestTests.xctest */ = {isa = PBXFileReference; explicitFileType = wrapper.cfbundle; includeInIndex = 0; path = BoostTestTests.xctest; sourceTree = BUILT_PRODUCTS_DIR; };
		C8C1A33C2645BDB2006B3B16 /* BoostTestTests.swift */ = {isa = PBXFileReference; lastKnownFileType = sourcecode.swift; path = BoostTestTests.swift; sourceTree = "<group>"; };
		C8C1A33E2645BDB2006B3B16 /* Info.plist */ = {isa = PBXFileReference; lastKnownFileType = text.plist.xml; path = Info.plist; sourceTree = "<group>"; };
		C8C1A3432645BDB2006B3B16 /* BoostTestUITests.xctest */ = {isa = PBXFileReference; explicitFileType = wrapper.cfbundle; includeInIndex = 0; path = BoostTestUITests.xctest; sourceTree = BUILT_PRODUCTS_DIR; };
		C8C1A3472645BDB2006B3B16 /* BoostTestUITests.swift */ = {isa = PBXFileReference; lastKnownFileType = sourcecode.swift; path = BoostTestUITests.swift; sourceTree = "<group>"; };
		C8C1A3492645BDB2006B3B16 /* Info.plist */ = {isa = PBXFileReference; lastKnownFileType = text.plist.xml; path = Info.plist; sourceTree = "<group>"; };
		C8C1A3632645BF83006B3B16 /* ContactListViewModel.swift */ = {isa = PBXFileReference; lastKnownFileType = sourcecode.swift; path = ContactListViewModel.swift; sourceTree = "<group>"; };
		C8C1A3752645C042006B3B16 /* Routing.swift */ = {isa = PBXFileReference; lastKnownFileType = sourcecode.swift; path = Routing.swift; sourceTree = "<group>"; };
		C8C1A3A12645C331006B3B16 /* ContactListVC.swift */ = {isa = PBXFileReference; lastKnownFileType = sourcecode.swift; path = ContactListVC.swift; sourceTree = "<group>"; };
		C8C1A3A22645C331006B3B16 /* ContactListVC.xib */ = {isa = PBXFileReference; lastKnownFileType = file.xib; path = ContactListVC.xib; sourceTree = "<group>"; };
		C8C1A3AA2645C3D3006B3B16 /* ContactCell.swift */ = {isa = PBXFileReference; lastKnownFileType = sourcecode.swift; path = ContactCell.swift; sourceTree = "<group>"; };
		C8C1A3AB2645C3D3006B3B16 /* ContactCell.xib */ = {isa = PBXFileReference; lastKnownFileType = file.xib; path = ContactCell.xib; sourceTree = "<group>"; };
		C8C1A3B52645C48F006B3B16 /* TableViewCell.swift */ = {isa = PBXFileReference; lastKnownFileType = sourcecode.swift; path = TableViewCell.swift; sourceTree = "<group>"; };
		C8C1A3BA2645D2C0006B3B16 /* AppTheme.swift */ = {isa = PBXFileReference; lastKnownFileType = sourcecode.swift; path = AppTheme.swift; sourceTree = "<group>"; };
		C8C1A3BF2645D593006B3B16 /* UIImage.swift */ = {isa = PBXFileReference; lastKnownFileType = sourcecode.swift; path = UIImage.swift; sourceTree = "<group>"; };
		C8C1A3D02645D8BE006B3B16 /* ContactDetailVC.swift */ = {isa = PBXFileReference; lastKnownFileType = sourcecode.swift; path = ContactDetailVC.swift; sourceTree = "<group>"; };
		C8C1A3D12645D8BE006B3B16 /* ContactDetailVC.xib */ = {isa = PBXFileReference; lastKnownFileType = file.xib; path = ContactDetailVC.xib; sourceTree = "<group>"; };
		C8C1A3DD2645DC10006B3B16 /* data.json */ = {isa = PBXFileReference; fileEncoding = 4; lastKnownFileType = text.json; path = data.json; sourceTree = "<group>"; };
		C8C1A3E32645DC41006B3B16 /* Profile.swift */ = {isa = PBXFileReference; lastKnownFileType = sourcecode.swift; path = Profile.swift; sourceTree = "<group>"; };
		C8C1A3EC2645DCE6006B3B16 /* ProfileService.swift */ = {isa = PBXFileReference; lastKnownFileType = sourcecode.swift; path = ProfileService.swift; sourceTree = "<group>"; };
		C8C1A3F72645E6CD006B3B16 /* ContactDetailViewModel.swift */ = {isa = PBXFileReference; lastKnownFileType = sourcecode.swift; path = ContactDetailViewModel.swift; sourceTree = "<group>"; };
		C8C1A3FD2645F0BC006B3B16 /* ContactDetailCell.swift */ = {isa = PBXFileReference; lastKnownFileType = sourcecode.swift; path = ContactDetailCell.swift; sourceTree = "<group>"; };
		C8C1A3FE2645F0BC006B3B16 /* ContactDetailCell.xib */ = {isa = PBXFileReference; lastKnownFileType = file.xib; path = ContactDetailCell.xib; sourceTree = "<group>"; };
		C8C1A407264696C6006B3B16 /* FileManager.swift */ = {isa = PBXFileReference; lastKnownFileType = sourcecode.swift; path = FileManager.swift; sourceTree = "<group>"; };
		C8C1A40C26469C35006B3B16 /* Security.swift */ = {isa = PBXFileReference; lastKnownFileType = sourcecode.swift; path = Security.swift; sourceTree = "<group>"; };
		C8C1A4222646B891006B3B16 /* DialogHelper.swift */ = {isa = PBXFileReference; lastKnownFileType = sourcecode.swift; path = DialogHelper.swift; sourceTree = "<group>"; };
		C8C1A4272646B911006B3B16 /* AlertVC.swift */ = {isa = PBXFileReference; lastKnownFileType = sourcecode.swift; path = AlertVC.swift; sourceTree = "<group>"; };
		C8C1A4282646B911006B3B16 /* AlertVC.xib */ = {isa = PBXFileReference; lastKnownFileType = file.xib; path = AlertVC.xib; sourceTree = "<group>"; };
		C8C1A4322646BB2D006B3B16 /* AlertViewModel.swift */ = {isa = PBXFileReference; lastKnownFileType = sourcecode.swift; path = AlertViewModel.swift; sourceTree = "<group>"; };
		C8C1A4422646C6A2006B3B16 /* Validator.swift */ = {isa = PBXFileReference; lastKnownFileType = sourcecode.swift; path = Validator.swift; sourceTree = "<group>"; };
		C8C1A4492646C7AD006B3B16 /* ContactDetailValidator.swift */ = {isa = PBXFileReference; lastKnownFileType = sourcecode.swift; path = ContactDetailValidator.swift; sourceTree = "<group>"; };
		C8C1A45B2646E315006B3B16 /* Localization.swift */ = {isa = PBXFileReference; lastKnownFileType = sourcecode.swift; path = Localization.swift; sourceTree = "<group>"; };
/* End PBXFileReference section */

/* Begin PBXFrameworksBuildPhase section */
		C8C1A31F2645BDAF006B3B16 /* Frameworks */ = {
			isa = PBXFrameworksBuildPhase;
			buildActionMask = 2147483647;
			files = (
			);
			runOnlyForDeploymentPostprocessing = 0;
		};
		C8C1A3352645BDB2006B3B16 /* Frameworks */ = {
			isa = PBXFrameworksBuildPhase;
			buildActionMask = 2147483647;
			files = (
			);
			runOnlyForDeploymentPostprocessing = 0;
		};
		C8C1A3402645BDB2006B3B16 /* Frameworks */ = {
			isa = PBXFrameworksBuildPhase;
			buildActionMask = 2147483647;
			files = (
			);
			runOnlyForDeploymentPostprocessing = 0;
		};
/* End PBXFrameworksBuildPhase section */

/* Begin PBXGroup section */
		C8C1A3192645BDAF006B3B16 = {
			isa = PBXGroup;
			children = (
				C8C1A3242645BDAF006B3B16 /* BoostTest */,
				C8C1A33B2645BDB2006B3B16 /* BoostTestTests */,
				C8C1A3462645BDB2006B3B16 /* BoostTestUITests */,
				C8C1A3232645BDAF006B3B16 /* Products */,
			);
			sourceTree = "<group>";
		};
		C8C1A3232645BDAF006B3B16 /* Products */ = {
			isa = PBXGroup;
			children = (
				C8C1A3222645BDAF006B3B16 /* BoostTest.app */,
				C8C1A3382645BDB2006B3B16 /* BoostTestTests.xctest */,
				C8C1A3432645BDB2006B3B16 /* BoostTestUITests.xctest */,
			);
			name = Products;
			sourceTree = "<group>";
		};
		C8C1A3242645BDAF006B3B16 /* BoostTest */ = {
			isa = PBXGroup;
			children = (
				C8C1A3332645BDB2006B3B16 /* Info.plist */,
				C8C1A37D2645C1F1006B3B16 /* App */,
				C8C1A35F2645BE5F006B3B16 /* Data */,
			);
			path = BoostTest;
			sourceTree = "<group>";
		};
		C8C1A33B2645BDB2006B3B16 /* BoostTestTests */ = {
			isa = PBXGroup;
			children = (
				C8C1A33C2645BDB2006B3B16 /* BoostTestTests.swift */,
				C8C1A33E2645BDB2006B3B16 /* Info.plist */,
			);
			path = BoostTestTests;
			sourceTree = "<group>";
		};
		C8C1A3462645BDB2006B3B16 /* BoostTestUITests */ = {
			isa = PBXGroup;
			children = (
				C8C1A3472645BDB2006B3B16 /* BoostTestUITests.swift */,
				C8C1A3492645BDB2006B3B16 /* Info.plist */,
			);
			path = BoostTestUITests;
			sourceTree = "<group>";
		};
		C8C1A35F2645BE5F006B3B16 /* Data */ = {
			isa = PBXGroup;
			children = (
				C8C1A3EB2645DCDA006B3B16 /* Services */,
				C8C1A3E22645DC27006B3B16 /* ReponseDataType */,
			);
			path = Data;
			sourceTree = "<group>";
		};
		C8C1A3602645BF46006B3B16 /* Business */ = {
			isa = PBXGroup;
			children = (
				C8C1A45A2646E309006B3B16 /* Main */,
				C8C1A3692645BFB4006B3B16 /* Use cases */,
				C8C1A3682645BFAD006B3B16 /* Routing */,
			);
			path = Business;
			sourceTree = "<group>";
		};
		C8C1A3612645BF4D006B3B16 /* Contact */ = {
			isa = PBXGroup;
			children = (
				C8C1A3742645BFEF006B3B16 /* Detail */,
				C8C1A3622645BF6F006B3B16 /* List */,
			);
			path = Contact;
			sourceTree = "<group>";
		};
		C8C1A3622645BF6F006B3B16 /* List */ = {
			isa = PBXGroup;
			children = (
				C8C1A3A82645C33F006B3B16 /* Cell */,
				C8C1A3632645BF83006B3B16 /* ContactListViewModel.swift */,
				C8C1A3A12645C331006B3B16 /* ContactListVC.swift */,
				C8C1A3A22645C331006B3B16 /* ContactListVC.xib */,
			);
			path = List;
			sourceTree = "<group>";
		};
		C8C1A3682645BFAD006B3B16 /* Routing */ = {
			isa = PBXGroup;
			children = (
				C8C1A3752645C042006B3B16 /* Routing.swift */,
			);
			path = Routing;
			sourceTree = "<group>";
		};
		C8C1A3692645BFB4006B3B16 /* Use cases */ = {
			isa = PBXGroup;
			children = (
			);
			path = "Use cases";
			sourceTree = "<group>";
		};
		C8C1A36D2645BFD5006B3B16 /* View Controller */ = {
			isa = PBXGroup;
			children = (
				C8C1A3612645BF4D006B3B16 /* Contact */,
			);
			path = "View Controller";
			sourceTree = "<group>";
		};
		C8C1A3742645BFEF006B3B16 /* Detail */ = {
			isa = PBXGroup;
			children = (
				C8C1A3FC2645F0A4006B3B16 /* Cell */,
				C8C1A3D02645D8BE006B3B16 /* ContactDetailVC.swift */,
				C8C1A3D12645D8BE006B3B16 /* ContactDetailVC.xib */,
				C8C1A3F72645E6CD006B3B16 /* ContactDetailViewModel.swift */,
			);
			path = Detail;
			sourceTree = "<group>";
		};
		C8C1A37D2645C1F1006B3B16 /* App */ = {
			isa = PBXGroup;
			children = (
				C8C1A4212646B882006B3B16 /* Helper */,
				C8C1A3B42645C464006B3B16 /* Util */,
				C8C1A3272645BDAF006B3B16 /* SceneDelegate.swift */,
				C8C1A3252645BDAF006B3B16 /* AppDelegate.swift */,
				C8C1A3842645C217006B3B16 /* Resource */,
				C8C1A3602645BF46006B3B16 /* Business */,
				C8C1A36D2645BFD5006B3B16 /* View Controller */,
			);
			path = App;
			sourceTree = "<group>";
		};
		C8C1A3842645C217006B3B16 /* Resource */ = {
			isa = PBXGroup;
			children = (
				C8C1A3DD2645DC10006B3B16 /* data.json */,
				C8C1A32E2645BDB2006B3B16 /* Assets.xcassets */,
				C8C1A3BA2645D2C0006B3B16 /* AppTheme.swift */,
			);
			path = Resource;
			sourceTree = "<group>";
		};
		C8C1A3A82645C33F006B3B16 /* Cell */ = {
			isa = PBXGroup;
			children = (
				C8C1A3AA2645C3D3006B3B16 /* ContactCell.swift */,
				C8C1A3AB2645C3D3006B3B16 /* ContactCell.xib */,
			);
			path = Cell;
			sourceTree = "<group>";
		};
		C8C1A3B42645C464006B3B16 /* Util */ = {
			isa = PBXGroup;
			children = (
				C8C1A4472646C79B006B3B16 /* Helper */,
				C8C1A4412646C68C006B3B16 /* Validator */,
				C8C1A3B52645C48F006B3B16 /* TableViewCell.swift */,
				C8C1A3BF2645D593006B3B16 /* UIImage.swift */,
				C8C1A407264696C6006B3B16 /* FileManager.swift */,
				C8C1A40C26469C35006B3B16 /* Security.swift */,
				C8C1A42E2646B916006B3B16 /* AlertVC */,
			);
			path = Util;
			sourceTree = "<group>";
		};
		C8C1A3E22645DC27006B3B16 /* ReponseDataType */ = {
			isa = PBXGroup;
			children = (
				C8C1A3E32645DC41006B3B16 /* Profile.swift */,
			);
			path = ReponseDataType;
			sourceTree = "<group>";
		};
		C8C1A3EB2645DCDA006B3B16 /* Services */ = {
			isa = PBXGroup;
			children = (
				C8C1A3EC2645DCE6006B3B16 /* ProfileService.swift */,
			);
			path = Services;
			sourceTree = "<group>";
		};
		C8C1A3FC2645F0A4006B3B16 /* Cell */ = {
			isa = PBXGroup;
			children = (
				C8C1A3FD2645F0BC006B3B16 /* ContactDetailCell.swift */,
				C8C1A3FE2645F0BC006B3B16 /* ContactDetailCell.xib */,
			);
			path = Cell;
			sourceTree = "<group>";
		};
		C8C1A4212646B882006B3B16 /* Helper */ = {
			isa = PBXGroup;
			children = (
				C8C1A4222646B891006B3B16 /* DialogHelper.swift */,
			);
			path = Helper;
			sourceTree = "<group>";
		};
		C8C1A42E2646B916006B3B16 /* AlertVC */ = {
			isa = PBXGroup;
			children = (
				C8C1A4272646B911006B3B16 /* AlertVC.swift */,
				C8C1A4282646B911006B3B16 /* AlertVC.xib */,
				C8C1A4322646BB2D006B3B16 /* AlertViewModel.swift */,
			);
			path = AlertVC;
			sourceTree = "<group>";
		};
		C8C1A4412646C68C006B3B16 /* Validator */ = {
			isa = PBXGroup;
			children = (
				C8C1A4422646C6A2006B3B16 /* Validator.swift */,
			);
			path = Validator;
			sourceTree = "<group>";
		};
		C8C1A4472646C79B006B3B16 /* Helper */ = {
			isa = PBXGroup;
			children = (
				C8C1A4482646C7A0006B3B16 /* Contact */,
			);
			path = Helper;
			sourceTree = "<group>";
		};
		C8C1A4482646C7A0006B3B16 /* Contact */ = {
			isa = PBXGroup;
			children = (
				C8C1A4492646C7AD006B3B16 /* ContactDetailValidator.swift */,
			);
			path = Contact;
			sourceTree = "<group>";
		};
		C8C1A45A2646E309006B3B16 /* Main */ = {
			isa = PBXGroup;
			children = (
				C8C1A45B2646E315006B3B16 /* Localization.swift */,
			);
			path = Main;
			sourceTree = "<group>";
		};
/* End PBXGroup section */

/* Begin PBXNativeTarget section */
		C8C1A3212645BDAF006B3B16 /* BoostTest */ = {
			isa = PBXNativeTarget;
			buildConfigurationList = C8C1A34C2645BDB2006B3B16 /* Build configuration list for PBXNativeTarget "BoostTest" */;
			buildPhases = (
				C8C1A31E2645BDAF006B3B16 /* Sources */,
				C8C1A31F2645BDAF006B3B16 /* Frameworks */,
				C8C1A3202645BDAF006B3B16 /* Resources */,
			);
			buildRules = (
			);
			dependencies = (
			);
			name = BoostTest;
			productName = BoostTest;
			productReference = C8C1A3222645BDAF006B3B16 /* BoostTest.app */;
			productType = "com.apple.product-type.application";
		};
		C8C1A3372645BDB2006B3B16 /* BoostTestTests */ = {
			isa = PBXNativeTarget;
			buildConfigurationList = C8C1A34F2645BDB2006B3B16 /* Build configuration list for PBXNativeTarget "BoostTestTests" */;
			buildPhases = (
				C8C1A3342645BDB2006B3B16 /* Sources */,
				C8C1A3352645BDB2006B3B16 /* Frameworks */,
				C8C1A3362645BDB2006B3B16 /* Resources */,
			);
			buildRules = (
			);
			dependencies = (
				C8C1A33A2645BDB2006B3B16 /* PBXTargetDependency */,
			);
			name = BoostTestTests;
			productName = BoostTestTests;
			productReference = C8C1A3382645BDB2006B3B16 /* BoostTestTests.xctest */;
			productType = "com.apple.product-type.bundle.unit-test";
		};
		C8C1A3422645BDB2006B3B16 /* BoostTestUITests */ = {
			isa = PBXNativeTarget;
			buildConfigurationList = C8C1A3522645BDB2006B3B16 /* Build configuration list for PBXNativeTarget "BoostTestUITests" */;
			buildPhases = (
				C8C1A33F2645BDB2006B3B16 /* Sources */,
				C8C1A3402645BDB2006B3B16 /* Frameworks */,
				C8C1A3412645BDB2006B3B16 /* Resources */,
			);
			buildRules = (
			);
			dependencies = (
				C8C1A3452645BDB2006B3B16 /* PBXTargetDependency */,
			);
			name = BoostTestUITests;
			productName = BoostTestUITests;
			productReference = C8C1A3432645BDB2006B3B16 /* BoostTestUITests.xctest */;
			productType = "com.apple.product-type.bundle.ui-testing";
		};
/* End PBXNativeTarget section */

/* Begin PBXProject section */
		C8C1A31A2645BDAF006B3B16 /* Project object */ = {
			isa = PBXProject;
			attributes = {
				LastSwiftUpdateCheck = 1230;
				LastUpgradeCheck = 1230;
				TargetAttributes = {
					C8C1A3212645BDAF006B3B16 = {
						CreatedOnToolsVersion = 12.3;
					};
					C8C1A3372645BDB2006B3B16 = {
						CreatedOnToolsVersion = 12.3;
						TestTargetID = C8C1A3212645BDAF006B3B16;
					};
					C8C1A3422645BDB2006B3B16 = {
						CreatedOnToolsVersion = 12.3;
						TestTargetID = C8C1A3212645BDAF006B3B16;
					};
				};
			};
			buildConfigurationList = C8C1A31D2645BDAF006B3B16 /* Build configuration list for PBXProject "BoostTest" */;
			compatibilityVersion = "Xcode 9.3";
			developmentRegion = en;
			hasScannedForEncodings = 0;
			knownRegions = (
				en,
				Base,
			);
			mainGroup = C8C1A3192645BDAF006B3B16;
			productRefGroup = C8C1A3232645BDAF006B3B16 /* Products */;
			projectDirPath = "";
			projectRoot = "";
			targets = (
				C8C1A3212645BDAF006B3B16 /* BoostTest */,
				C8C1A3372645BDB2006B3B16 /* BoostTestTests */,
				C8C1A3422645BDB2006B3B16 /* BoostTestUITests */,
			);
		};
/* End PBXProject section */

/* Begin PBXResourcesBuildPhase section */
		C8C1A3202645BDAF006B3B16 /* Resources */ = {
			isa = PBXResourcesBuildPhase;
			buildActionMask = 2147483647;
			files = (
				C8C1A3D32645D8BE006B3B16 /* ContactDetailVC.xib in Resources */,
				C8C1A3AD2645C3D3006B3B16 /* ContactCell.xib in Resources */,
				C8C1A32F2645BDB2006B3B16 /* Assets.xcassets in Resources */,
				C8C1A4002645F0BC006B3B16 /* ContactDetailCell.xib in Resources */,
				C8C1A3DE2645DC10006B3B16 /* data.json in Resources */,
				C8C1A3A42645C331006B3B16 /* ContactListVC.xib in Resources */,
				C8C1A42A2646B911006B3B16 /* AlertVC.xib in Resources */,
			);
			runOnlyForDeploymentPostprocessing = 0;
		};
		C8C1A3362645BDB2006B3B16 /* Resources */ = {
			isa = PBXResourcesBuildPhase;
			buildActionMask = 2147483647;
			files = (
			);
			runOnlyForDeploymentPostprocessing = 0;
		};
		C8C1A3412645BDB2006B3B16 /* Resources */ = {
			isa = PBXResourcesBuildPhase;
			buildActionMask = 2147483647;
			files = (
			);
			runOnlyForDeploymentPostprocessing = 0;
		};
/* End PBXResourcesBuildPhase section */

/* Begin PBXSourcesBuildPhase section */
		C8C1A31E2645BDAF006B3B16 /* Sources */ = {
			isa = PBXSourcesBuildPhase;
			buildActionMask = 2147483647;
			files = (
				C8C1A408264696C6006B3B16 /* FileManager.swift in Sources */,
				C8C1A40D26469C35006B3B16 /* Security.swift in Sources */,
				C8C1A3AC2645C3D3006B3B16 /* ContactCell.swift in Sources */,
				C8C1A44A2646C7AD006B3B16 /* ContactDetailValidator.swift in Sources */,
				C8C1A4292646B911006B3B16 /* AlertVC.swift in Sources */,
				C8C1A3762645C042006B3B16 /* Routing.swift in Sources */,
				C8C1A3642645BF83006B3B16 /* ContactListViewModel.swift in Sources */,
				C8C1A3262645BDAF006B3B16 /* AppDelegate.swift in Sources */,
				C8C1A3282645BDAF006B3B16 /* SceneDelegate.swift in Sources */,
				C8C1A3ED2645DCE6006B3B16 /* ProfileService.swift in Sources */,
				C8C1A3F82645E6CD006B3B16 /* ContactDetailViewModel.swift in Sources */,
				C8C1A3FF2645F0BC006B3B16 /* ContactDetailCell.swift in Sources */,
				C8C1A45C2646E315006B3B16 /* Localization.swift in Sources */,
				C8C1A4332646BB2D006B3B16 /* AlertViewModel.swift in Sources */,
				C8C1A4432646C6A2006B3B16 /* Validator.swift in Sources */,
				C8C1A3BB2645D2C0006B3B16 /* AppTheme.swift in Sources */,
				C8C1A4232646B891006B3B16 /* DialogHelper.swift in Sources */,
				C8C1A3C02645D593006B3B16 /* UIImage.swift in Sources */,
				C8C1A3B62645C48F006B3B16 /* TableViewCell.swift in Sources */,
				C8C1A3E42645DC41006B3B16 /* Profile.swift in Sources */,
				C8C1A3D22645D8BE006B3B16 /* ContactDetailVC.swift in Sources */,
				C8C1A3A32645C331006B3B16 /* ContactListVC.swift in Sources */,
			);
			runOnlyForDeploymentPostprocessing = 0;
		};
		C8C1A3342645BDB2006B3B16 /* Sources */ = {
			isa = PBXSourcesBuildPhase;
			buildActionMask = 2147483647;
			files = (
				C8C1A33D2645BDB2006B3B16 /* BoostTestTests.swift in Sources */,
			);
			runOnlyForDeploymentPostprocessing = 0;
		};
		C8C1A33F2645BDB2006B3B16 /* Sources */ = {
			isa = PBXSourcesBuildPhase;
			buildActionMask = 2147483647;
			files = (
				C8C1A3482645BDB2006B3B16 /* BoostTestUITests.swift in Sources */,
			);
			runOnlyForDeploymentPostprocessing = 0;
		};
/* End PBXSourcesBuildPhase section */

/* Begin PBXTargetDependency section */
		C8C1A33A2645BDB2006B3B16 /* PBXTargetDependency */ = {
			isa = PBXTargetDependency;
			target = C8C1A3212645BDAF006B3B16 /* BoostTest */;
			targetProxy = C8C1A3392645BDB2006B3B16 /* PBXContainerItemProxy */;
		};
		C8C1A3452645BDB2006B3B16 /* PBXTargetDependency */ = {
			isa = PBXTargetDependency;
			target = C8C1A3212645BDAF006B3B16 /* BoostTest */;
			targetProxy = C8C1A3442645BDB2006B3B16 /* PBXContainerItemProxy */;
		};
/* End PBXTargetDependency section */

/* Begin XCBuildConfiguration section */
		C8C1A34A2645BDB2006B3B16 /* Debug */ = {
			isa = XCBuildConfiguration;
			buildSettings = {
				ALWAYS_SEARCH_USER_PATHS = NO;
				CLANG_ANALYZER_NONNULL = YES;
				CLANG_ANALYZER_NUMBER_OBJECT_CONVERSION = YES_AGGRESSIVE;
				CLANG_CXX_LANGUAGE_STANDARD = "gnu++14";
				CLANG_CXX_LIBRARY = "libc++";
				CLANG_ENABLE_MODULES = YES;
				CLANG_ENABLE_OBJC_ARC = YES;
				CLANG_ENABLE_OBJC_WEAK = YES;
				CLANG_WARN_BLOCK_CAPTURE_AUTORELEASING = YES;
				CLANG_WARN_BOOL_CONVERSION = YES;
				CLANG_WARN_COMMA = YES;
				CLANG_WARN_CONSTANT_CONVERSION = YES;
				CLANG_WARN_DEPRECATED_OBJC_IMPLEMENTATIONS = YES;
				CLANG_WARN_DIRECT_OBJC_ISA_USAGE = YES_ERROR;
				CLANG_WARN_DOCUMENTATION_COMMENTS = YES;
				CLANG_WARN_EMPTY_BODY = YES;
				CLANG_WARN_ENUM_CONVERSION = YES;
				CLANG_WARN_INFINITE_RECURSION = YES;
				CLANG_WARN_INT_CONVERSION = YES;
				CLANG_WARN_NON_LITERAL_NULL_CONVERSION = YES;
				CLANG_WARN_OBJC_IMPLICIT_RETAIN_SELF = YES;
				CLANG_WARN_OBJC_LITERAL_CONVERSION = YES;
				CLANG_WARN_OBJC_ROOT_CLASS = YES_ERROR;
				CLANG_WARN_QUOTED_INCLUDE_IN_FRAMEWORK_HEADER = YES;
				CLANG_WARN_RANGE_LOOP_ANALYSIS = YES;
				CLANG_WARN_STRICT_PROTOTYPES = YES;
				CLANG_WARN_SUSPICIOUS_MOVE = YES;
				CLANG_WARN_UNGUARDED_AVAILABILITY = YES_AGGRESSIVE;
				CLANG_WARN_UNREACHABLE_CODE = YES;
				CLANG_WARN__DUPLICATE_METHOD_MATCH = YES;
				COPY_PHASE_STRIP = NO;
				DEBUG_INFORMATION_FORMAT = dwarf;
				ENABLE_STRICT_OBJC_MSGSEND = YES;
				ENABLE_TESTABILITY = YES;
				GCC_C_LANGUAGE_STANDARD = gnu11;
				GCC_DYNAMIC_NO_PIC = NO;
				GCC_NO_COMMON_BLOCKS = YES;
				GCC_OPTIMIZATION_LEVEL = 0;
				GCC_PREPROCESSOR_DEFINITIONS = (
					"DEBUG=1",
					"$(inherited)",
				);
				GCC_WARN_64_TO_32_BIT_CONVERSION = YES;
				GCC_WARN_ABOUT_RETURN_TYPE = YES_ERROR;
				GCC_WARN_UNDECLARED_SELECTOR = YES;
				GCC_WARN_UNINITIALIZED_AUTOS = YES_AGGRESSIVE;
				GCC_WARN_UNUSED_FUNCTION = YES;
				GCC_WARN_UNUSED_VARIABLE = YES;
				IPHONEOS_DEPLOYMENT_TARGET = 14.3;
				MTL_ENABLE_DEBUG_INFO = INCLUDE_SOURCE;
				MTL_FAST_MATH = YES;
				ONLY_ACTIVE_ARCH = YES;
				SDKROOT = iphoneos;
				SWIFT_ACTIVE_COMPILATION_CONDITIONS = DEBUG;
				SWIFT_OPTIMIZATION_LEVEL = "-Onone";
			};
			name = Debug;
		};
		C8C1A34B2645BDB2006B3B16 /* Release */ = {
			isa = XCBuildConfiguration;
			buildSettings = {
				ALWAYS_SEARCH_USER_PATHS = NO;
				CLANG_ANALYZER_NONNULL = YES;
				CLANG_ANALYZER_NUMBER_OBJECT_CONVERSION = YES_AGGRESSIVE;
				CLANG_CXX_LANGUAGE_STANDARD = "gnu++14";
				CLANG_CXX_LIBRARY = "libc++";
				CLANG_ENABLE_MODULES = YES;
				CLANG_ENABLE_OBJC_ARC = YES;
				CLANG_ENABLE_OBJC_WEAK = YES;
				CLANG_WARN_BLOCK_CAPTURE_AUTORELEASING = YES;
				CLANG_WARN_BOOL_CONVERSION = YES;
				CLANG_WARN_COMMA = YES;
				CLANG_WARN_CONSTANT_CONVERSION = YES;
				CLANG_WARN_DEPRECATED_OBJC_IMPLEMENTATIONS = YES;
				CLANG_WARN_DIRECT_OBJC_ISA_USAGE = YES_ERROR;
				CLANG_WARN_DOCUMENTATION_COMMENTS = YES;
				CLANG_WARN_EMPTY_BODY = YES;
				CLANG_WARN_ENUM_CONVERSION = YES;
				CLANG_WARN_INFINITE_RECURSION = YES;
				CLANG_WARN_INT_CONVERSION = YES;
				CLANG_WARN_NON_LITERAL_NULL_CONVERSION = YES;
				CLANG_WARN_OBJC_IMPLICIT_RETAIN_SELF = YES;
				CLANG_WARN_OBJC_LITERAL_CONVERSION = YES;
				CLANG_WARN_OBJC_ROOT_CLASS = YES_ERROR;
				CLANG_WARN_QUOTED_INCLUDE_IN_FRAMEWORK_HEADER = YES;
				CLANG_WARN_RANGE_LOOP_ANALYSIS = YES;
				CLANG_WARN_STRICT_PROTOTYPES = YES;
				CLANG_WARN_SUSPICIOUS_MOVE = YES;
				CLANG_WARN_UNGUARDED_AVAILABILITY = YES_AGGRESSIVE;
				CLANG_WARN_UNREACHABLE_CODE = YES;
				CLANG_WARN__DUPLICATE_METHOD_MATCH = YES;
				COPY_PHASE_STRIP = NO;
				DEBUG_INFORMATION_FORMAT = "dwarf-with-dsym";
				ENABLE_NS_ASSERTIONS = NO;
				ENABLE_STRICT_OBJC_MSGSEND = YES;
				GCC_C_LANGUAGE_STANDARD = gnu11;
				GCC_NO_COMMON_BLOCKS = YES;
				GCC_WARN_64_TO_32_BIT_CONVERSION = YES;
				GCC_WARN_ABOUT_RETURN_TYPE = YES_ERROR;
				GCC_WARN_UNDECLARED_SELECTOR = YES;
				GCC_WARN_UNINITIALIZED_AUTOS = YES_AGGRESSIVE;
				GCC_WARN_UNUSED_FUNCTION = YES;
				GCC_WARN_UNUSED_VARIABLE = YES;
				IPHONEOS_DEPLOYMENT_TARGET = 14.3;
				MTL_ENABLE_DEBUG_INFO = NO;
				MTL_FAST_MATH = YES;
				SDKROOT = iphoneos;
				SWIFT_COMPILATION_MODE = wholemodule;
				SWIFT_OPTIMIZATION_LEVEL = "-O";
				VALIDATE_PRODUCT = YES;
			};
			name = Release;
		};
		C8C1A34D2645BDB2006B3B16 /* Debug */ = {
			isa = XCBuildConfiguration;
			buildSettings = {
				ASSETCATALOG_COMPILER_APPICON_NAME = AppIcon;
				ASSETCATALOG_COMPILER_GLOBAL_ACCENT_COLOR_NAME = AccentColor;
				CODE_SIGN_STYLE = Automatic;
				DEVELOPMENT_TEAM = ZC63U9U93Y;
				INFOPLIST_FILE = BoostTest/Info.plist;
				LD_RUNPATH_SEARCH_PATHS = (
					"$(inherited)",
					"@executable_path/Frameworks",
				);
				PRODUCT_BUNDLE_IDENTIFIER = CheeHong.BoostTest;
				PRODUCT_NAME = "$(TARGET_NAME)";
				SWIFT_VERSION = 5.0;
				TARGETED_DEVICE_FAMILY = "1,2";
			};
			name = Debug;
		};
		C8C1A34E2645BDB2006B3B16 /* Release */ = {
			isa = XCBuildConfiguration;
			buildSettings = {
				ASSETCATALOG_COMPILER_APPICON_NAME = AppIcon;
				ASSETCATALOG_COMPILER_GLOBAL_ACCENT_COLOR_NAME = AccentColor;
				CODE_SIGN_STYLE = Automatic;
				DEVELOPMENT_TEAM = ZC63U9U93Y;
				INFOPLIST_FILE = BoostTest/Info.plist;
				LD_RUNPATH_SEARCH_PATHS = (
					"$(inherited)",
					"@executable_path/Frameworks",
				);
				PRODUCT_BUNDLE_IDENTIFIER = CheeHong.BoostTest;
				PRODUCT_NAME = "$(TARGET_NAME)";
				SWIFT_VERSION = 5.0;
				TARGETED_DEVICE_FAMILY = "1,2";
			};
			name = Release;
		};
		C8C1A3502645BDB2006B3B16 /* Debug */ = {
			isa = XCBuildConfiguration;
			buildSettings = {
				ALWAYS_EMBED_SWIFT_STANDARD_LIBRARIES = YES;
				BUNDLE_LOADER = "$(TEST_HOST)";
				CODE_SIGN_STYLE = Automatic;
				DEVELOPMENT_TEAM = ZC63U9U93Y;
				INFOPLIST_FILE = BoostTestTests/Info.plist;
				IPHONEOS_DEPLOYMENT_TARGET = 14.3;
				LD_RUNPATH_SEARCH_PATHS = (
					"$(inherited)",
					"@executable_path/Frameworks",
					"@loader_path/Frameworks",
				);
				PRODUCT_BUNDLE_IDENTIFIER = CheeHong.BoostTestTests;
				PRODUCT_NAME = "$(TARGET_NAME)";
				SWIFT_VERSION = 5.0;
				TARGETED_DEVICE_FAMILY = "1,2";
				TEST_HOST = "$(BUILT_PRODUCTS_DIR)/BoostTest.app/BoostTest";
			};
			name = Debug;
		};
		C8C1A3512645BDB2006B3B16 /* Release */ = {
			isa = XCBuildConfiguration;
			buildSettings = {
				ALWAYS_EMBED_SWIFT_STANDARD_LIBRARIES = YES;
				BUNDLE_LOADER = "$(TEST_HOST)";
				CODE_SIGN_STYLE = Automatic;
				DEVELOPMENT_TEAM = ZC63U9U93Y;
				INFOPLIST_FILE = BoostTestTests/Info.plist;
				IPHONEOS_DEPLOYMENT_TARGET = 14.3;
				LD_RUNPATH_SEARCH_PATHS = (
					"$(inherited)",
					"@executable_path/Frameworks",
					"@loader_path/Frameworks",
				);
				PRODUCT_BUNDLE_IDENTIFIER = CheeHong.BoostTestTests;
				PRODUCT_NAME = "$(TARGET_NAME)";
				SWIFT_VERSION = 5.0;
				TARGETED_DEVICE_FAMILY = "1,2";
				TEST_HOST = "$(BUILT_PRODUCTS_DIR)/BoostTest.app/BoostTest";
			};
			name = Release;
		};
		C8C1A3532645BDB2006B3B16 /* Debug */ = {
			isa = XCBuildConfiguration;
			buildSettings = {
				ALWAYS_EMBED_SWIFT_STANDARD_LIBRARIES = YES;
				CODE_SIGN_STYLE = Automatic;
				DEVELOPMENT_TEAM = ZC63U9U93Y;
				INFOPLIST_FILE = BoostTestUITests/Info.plist;
				LD_RUNPATH_SEARCH_PATHS = (
					"$(inherited)",
					"@executable_path/Frameworks",
					"@loader_path/Frameworks",
				);
				PRODUCT_BUNDLE_IDENTIFIER = CheeHong.BoostTestUITests;
				PRODUCT_NAME = "$(TARGET_NAME)";
				SWIFT_VERSION = 5.0;
				TARGETED_DEVICE_FAMILY = "1,2";
				TEST_TARGET_NAME = BoostTest;
			};
			name = Debug;
		};
		C8C1A3542645BDB2006B3B16 /* Release */ = {
			isa = XCBuildConfiguration;
			buildSettings = {
				ALWAYS_EMBED_SWIFT_STANDARD_LIBRARIES = YES;
				CODE_SIGN_STYLE = Automatic;
				DEVELOPMENT_TEAM = ZC63U9U93Y;
				INFOPLIST_FILE = BoostTestUITests/Info.plist;
				LD_RUNPATH_SEARCH_PATHS = (
					"$(inherited)",
					"@executable_path/Frameworks",
					"@loader_path/Frameworks",
				);
				PRODUCT_BUNDLE_IDENTIFIER = CheeHong.BoostTestUITests;
				PRODUCT_NAME = "$(TARGET_NAME)";
				SWIFT_VERSION = 5.0;
				TARGETED_DEVICE_FAMILY = "1,2";
				TEST_TARGET_NAME = BoostTest;
			};
			name = Release;
		};
/* End XCBuildConfiguration section */

/* Begin XCConfigurationList section */
		C8C1A31D2645BDAF006B3B16 /* Build configuration list for PBXProject "BoostTest" */ = {
			isa = XCConfigurationList;
			buildConfigurations = (
				C8C1A34A2645BDB2006B3B16 /* Debug */,
				C8C1A34B2645BDB2006B3B16 /* Release */,
			);
			defaultConfigurationIsVisible = 0;
			defaultConfigurationName = Release;
		};
		C8C1A34C2645BDB2006B3B16 /* Build configuration list for PBXNativeTarget "BoostTest" */ = {
			isa = XCConfigurationList;
			buildConfigurations = (
				C8C1A34D2645BDB2006B3B16 /* Debug */,
				C8C1A34E2645BDB2006B3B16 /* Release */,
			);
			defaultConfigurationIsVisible = 0;
			defaultConfigurationName = Release;
		};
		C8C1A34F2645BDB2006B3B16 /* Build configuration list for PBXNativeTarget "BoostTestTests" */ = {
			isa = XCConfigurationList;
			buildConfigurations = (
				C8C1A3502645BDB2006B3B16 /* Debug */,
				C8C1A3512645BDB2006B3B16 /* Release */,
			);
			defaultConfigurationIsVisible = 0;
			defaultConfigurationName = Release;
		};
		C8C1A3522645BDB2006B3B16 /* Build configuration list for PBXNativeTarget "BoostTestUITests" */ = {
			isa = XCConfigurationList;
			buildConfigurations = (
				C8C1A3532645BDB2006B3B16 /* Debug */,
				C8C1A3542645BDB2006B3B16 /* Release */,
			);
			defaultConfigurationIsVisible = 0;
			defaultConfigurationName = Release;
		};
/* End XCConfigurationList section */
	};
	rootObject = C8C1A31A2645BDAF006B3B16 /* Project object */;
}
